
Microsoft Visual Studio Solution File, Format Version 12.00
# Visual Studio 14
VisualStudioVersion = 14.0.23107.0
MinimumVisualStudioVersion = 10.0.40219.1
Project("{FAE04EC0-301F-11D3-BF4B-00C04F79EFBC}") = "SpedWeb", "SpedWeb\SpedWeb.csproj", "{C776B17C-17E3-4D1F-925F-B4F91C4F9D51}"
EndProject
Project("{FAE04EC0-301F-11D3-BF4B-00C04F79EFBC}") = "SpedWeb.Tests", "SpedWeb.Tests\SpedWeb.Tests.csproj", "{ED54F042-C56F-46A5-B58D-5B08C4823D33}"
EndProject
Global
	GlobalSection(SolutionConfigurationPlatforms) = preSolution
		Debug|Any CPU = Debug|Any CPU
		Release|Any CPU = Release|Any CPU
	EndGlobalSection
	GlobalSection(ProjectConfigurationPlatforms) = postSolution
		{C776B17C-17E3-4D1F-925F-B4F91C4F9D51}.Debug|Any CPU.ActiveCfg = Debug|Any CPU
		{C776B17C-17E3-4D1F-925F-B4F91C4F9D51}.Debug|Any CPU.Build.0 = Debug|Any CPU
		{C776B17C-17E3-4D1F-925F-B4F91C4F9D51}.Release|Any CPU.ActiveCfg = Release|Any CPU
		{C776B17C-17E3-4D1F-925F-B4F91C4F9D51}.Release|Any CPU.Build.0 = Release|Any CPU
		{ED54F042-C56F-46A5-B58D-5B08C4823D33}.Debug|Any CPU.ActiveCfg = Debug|Any CPU
		{ED54F042-C56F-46A5-B58D-5B08C4823D33}.Debug|Any CPU.Build.0 = Debug|Any CPU
		{ED54F042-C56F-46A5-B58D-5B08C4823D33}.Release|Any CPU.ActiveCfg = Release|Any CPU
		{ED54F042-C56F-46A5-B58D-5B08C4823D33}.Release|Any CPU.Build.0 = Release|Any CPU
	EndGlobalSection
	GlobalSection(SolutionProperties) = preSolution
		HideSolutionNode = FALSE
	EndGlobalSection
EndGlobal
